
Microsoft Visual Studio Solution File, Format Version 12.00
# Visual Studio Version 17
VisualStudioVersion = 17.1.32210.238
MinimumVisualStudioVersion = 10.0.40219.1
Project("{FAE04EC0-301F-11D3-BF4B-00C04F79EFBC}") = "BookTracker.Server", "BookTracker\Server\BookTracker.Server.csproj", "{6F4DA2FF-EC0B-451D-A280-010B05DB3937}"
EndProject
Project("{FAE04EC0-301F-11D3-BF4B-00C04F79EFBC}") = "BookTracker.Client", "BookTracker\Client\BookTracker.Client.csproj", "{5C4C3D55-891D-421B-9D19-4860A350278A}"
EndProject
Project("{FAE04EC0-301F-11D3-BF4B-00C04F79EFBC}") = "BookTracker.Shared", "BookTracker\Shared\BookTracker.Shared.csproj", "{E3401E6A-5C29-4F19-991D-69EEC3CC65A9}"
EndProject
Global
	GlobalSection(SolutionConfigurationPlatforms) = preSolution
		Debug|Any CPU = Debug|Any CPU
		Release|Any CPU = Release|Any CPU
	EndGlobalSection
	GlobalSection(ProjectConfigurationPlatforms) = postSolution
		{6F4DA2FF-EC0B-451D-A280-010B05DB3937}.Debug|Any CPU.ActiveCfg = Debug|Any CPU
		{6F4DA2FF-EC0B-451D-A280-010B05DB3937}.Debug|Any CPU.Build.0 = Debug|Any CPU
		{6F4DA2FF-EC0B-451D-A280-010B05DB3937}.Release|Any CPU.ActiveCfg = Release|Any CPU
		{6F4DA2FF-EC0B-451D-A280-010B05DB3937}.Release|Any CPU.Build.0 = Release|Any CPU
		{5C4C3D55-891D-421B-9D19-4860A350278A}.Debug|Any CPU.ActiveCfg = Debug|Any CPU
		{5C4C3D55-891D-421B-9D19-4860A350278A}.Debug|Any CPU.Build.0 = Debug|Any CPU
		{5C4C3D55-891D-421B-9D19-4860A350278A}.Release|Any CPU.ActiveCfg = Release|Any CPU
		{5C4C3D55-891D-421B-9D19-4860A350278A}.Release|Any CPU.Build.0 = Release|Any CPU
		{E3401E6A-5C29-4F19-991D-69EEC3CC65A9}.Debug|Any CPU.ActiveCfg = Debug|Any CPU
		{E3401E6A-5C29-4F19-991D-69EEC3CC65A9}.Debug|Any CPU.Build.0 = Debug|Any CPU
		{E3401E6A-5C29-4F19-991D-69EEC3CC65A9}.Release|Any CPU.ActiveCfg = Release|Any CPU
		{E3401E6A-5C29-4F19-991D-69EEC3CC65A9}.Release|Any CPU.Build.0 = Release|Any CPU
	EndGlobalSection
	GlobalSection(SolutionProperties) = preSolution
		HideSolutionNode = FALSE
	EndGlobalSection
	GlobalSection(ExtensibilityGlobals) = postSolution
		SolutionGuid = {47B9B0C0-11D6-41AA-86EB-D7CD37FC34FA}
	EndGlobalSection
EndGlobal
